// !$*UTF8*$!
{
	archiveVersion = 1;
	classes = {
	};
	objectVersion = 56;
	objects = {

/* Begin PBXBuildFile section */
		BD3AC22F2BBA79C200C81D88 /* ShakeyBellView.swift in Sources */ = {isa = PBXBuildFile; fileRef = BD3AC22E2BBA79C200C81D88 /* ShakeyBellView.swift */; };
		BD3AC2312BBE77F700C81D88 /* Date+Utils.swift in Sources */ = {isa = PBXBuildFile; fileRef = BD3AC2302BBE77F700C81D88 /* Date+Utils.swift */; };
		BD3AC2332BBE790600C81D88 /* AccountSummaryViewController+Networking.swift in Sources */ = {isa = PBXBuildFile; fileRef = BD3AC2322BBE790600C81D88 /* AccountSummaryViewController+Networking.swift */; };
		BD42ED492BAFCAC100ACD83D /* DecimalUtil.swift in Sources */ = {isa = PBXBuildFile; fileRef = BD42ED482BAFCAC100ACD83D /* DecimalUtil.swift */; };
		BD42ED4B2BAFCB6E00ACD83D /* CurrencyFormatter.swift in Sources */ = {isa = PBXBuildFile; fileRef = BD42ED4A2BAFCB6E00ACD83D /* CurrencyFormatter.swift */; };
		BD42ED5A2BB28FBA00ACD83D /* CurrencyFormatterTests.swift in Sources */ = {isa = PBXBuildFile; fileRef = BD42ED592BB28FBA00ACD83D /* CurrencyFormatterTests.swift */; };
		BD42ED5C2BB3965B00ACD83D /* NSNotificationName.swift in Sources */ = {isa = PBXBuildFile; fileRef = BD42ED5B2BB3965B00ACD83D /* NSNotificationName.swift */; };
		BD42ED5E2BB3B02F00ACD83D /* UITextField+SecureToggle.swift in Sources */ = {isa = PBXBuildFile; fileRef = BD42ED5D2BB3B02F00ACD83D /* UITextField+SecureToggle.swift */; };
		BD49DCA22B9594B40051F421 /* AppDelegate.swift in Sources */ = {isa = PBXBuildFile; fileRef = BD49DCA12B9594B40051F421 /* AppDelegate.swift */; };
		BD49DCA62B9594B40051F421 /* LoginViewController.swift in Sources */ = {isa = PBXBuildFile; fileRef = BD49DCA52B9594B40051F421 /* LoginViewController.swift */; };
		BD49DCAB2B9594B50051F421 /* Assets.xcassets in Resources */ = {isa = PBXBuildFile; fileRef = BD49DCAA2B9594B50051F421 /* Assets.xcassets */; };
		BD49DCAE2B9594B50051F421 /* LaunchScreen.storyboard in Resources */ = {isa = PBXBuildFile; fileRef = BD49DCAC2B9594B50051F421 /* LaunchScreen.storyboard */; };
		BD49DCB92B959A7C0051F421 /* LoginView.swift in Sources */ = {isa = PBXBuildFile; fileRef = BD49DCB82B959A7C0051F421 /* LoginView.swift */; };
		BD49DCBC2B9844370051F421 /* OnboardingContainerViewController.swift in Sources */ = {isa = PBXBuildFile; fileRef = BD49DCBB2B9844370051F421 /* OnboardingContainerViewController.swift */; };
		BD5F09702BC2064A00B1F573 /* ProfileTests.swift in Sources */ = {isa = PBXBuildFile; fileRef = BD5F096F2BC2064A00B1F573 /* ProfileTests.swift */; };
		BD5F09722BC206DF00B1F573 /* AccountTests.swift in Sources */ = {isa = PBXBuildFile; fileRef = BD5F09712BC206DF00B1F573 /* AccountTests.swift */; };
		BD5F09742BC3A53900B1F573 /* SkeletonLoadable.swift in Sources */ = {isa = PBXBuildFile; fileRef = BD5F09732BC3A53900B1F573 /* SkeletonLoadable.swift */; };
		BD5F09762BC3A5D800B1F573 /* SkeletonCell.swift in Sources */ = {isa = PBXBuildFile; fileRef = BD5F09752BC3A5D800B1F573 /* SkeletonCell.swift */; };
		BDAFABD02BAAA7D500CE2EF2 /* AccountSummaryCell.swift in Sources */ = {isa = PBXBuildFile; fileRef = BDAFABCF2BAAA7D500CE2EF2 /* AccountSummaryCell.swift */; };
		BDC00E112B9D481B002A500E /* OnboardingViewController.swift in Sources */ = {isa = PBXBuildFile; fileRef = BDC00E102B9D481B002A500E /* OnboardingViewController.swift */; };
		BDC00E132BA33EBC002A500E /* DummyViewController.swift in Sources */ = {isa = PBXBuildFile; fileRef = BDC00E122BA33EBC002A500E /* DummyViewController.swift */; };
		BDC00E162BA3487B002A500E /* LocalState.swift in Sources */ = {isa = PBXBuildFile; fileRef = BDC00E152BA3487B002A500E /* LocalState.swift */; };
		BDC00E182BA40319002A500E /* UIViewController+Utils.swift in Sources */ = {isa = PBXBuildFile; fileRef = BDC00E172BA40319002A500E /* UIViewController+Utils.swift */; };
		BDC00E1A2BA40510002A500E /* MainViewController.swift in Sources */ = {isa = PBXBuildFile; fileRef = BDC00E192BA40510002A500E /* MainViewController.swift */; };
		BDC00E1D2BA9349A002A500E /* AccountSummaryViewController.swift in Sources */ = {isa = PBXBuildFile; fileRef = BDC00E1C2BA9349A002A500E /* AccountSummaryViewController.swift */; };
		BDC00E1F2BA943FC002A500E /* AccountSummaryHeaderView.swift in Sources */ = {isa = PBXBuildFile; fileRef = BDC00E1E2BA943FC002A500E /* AccountSummaryHeaderView.swift */; };
		BDC00E212BA9449B002A500E /* AccountSummaryHeaderView.xib in Resources */ = {isa = PBXBuildFile; fileRef = BDC00E202BA9449B002A500E /* AccountSummaryHeaderView.xib */; };
/* End PBXBuildFile section */

/* Begin PBXContainerItemProxy section */
		BD42ED542BB28EE500ACD83D /* PBXContainerItemProxy */ = {
			isa = PBXContainerItemProxy;
			containerPortal = BD49DC962B9594B40051F421 /* Project object */;
			proxyType = 1;
			remoteGlobalIDString = BD49DC9D2B9594B40051F421;
			remoteInfo = Bankey;
		};
/* End PBXContainerItemProxy section */

/* Begin PBXFileReference section */
		BD3AC22E2BBA79C200C81D88 /* ShakeyBellView.swift */ = {isa = PBXFileReference; lastKnownFileType = sourcecode.swift; path = ShakeyBellView.swift; sourceTree = "<group>"; };
		BD3AC2302BBE77F700C81D88 /* Date+Utils.swift */ = {isa = PBXFileReference; lastKnownFileType = sourcecode.swift; path = "Date+Utils.swift"; sourceTree = "<group>"; };
		BD3AC2322BBE790600C81D88 /* AccountSummaryViewController+Networking.swift */ = {isa = PBXFileReference; lastKnownFileType = sourcecode.swift; path = "AccountSummaryViewController+Networking.swift"; sourceTree = "<group>"; };
		BD42ED482BAFCAC100ACD83D /* DecimalUtil.swift */ = {isa = PBXFileReference; lastKnownFileType = sourcecode.swift; path = DecimalUtil.swift; sourceTree = "<group>"; };
		BD42ED4A2BAFCB6E00ACD83D /* CurrencyFormatter.swift */ = {isa = PBXFileReference; lastKnownFileType = sourcecode.swift; path = CurrencyFormatter.swift; sourceTree = "<group>"; };
		BD42ED502BB28EE500ACD83D /* BankeyUnitTests.xctest */ = {isa = PBXFileReference; explicitFileType = wrapper.cfbundle; includeInIndex = 0; path = BankeyUnitTests.xctest; sourceTree = BUILT_PRODUCTS_DIR; };
		BD42ED592BB28FBA00ACD83D /* CurrencyFormatterTests.swift */ = {isa = PBXFileReference; lastKnownFileType = sourcecode.swift; path = CurrencyFormatterTests.swift; sourceTree = "<group>"; };
		BD42ED5B2BB3965B00ACD83D /* NSNotificationName.swift */ = {isa = PBXFileReference; lastKnownFileType = sourcecode.swift; path = NSNotificationName.swift; sourceTree = "<group>"; };
		BD42ED5D2BB3B02F00ACD83D /* UITextField+SecureToggle.swift */ = {isa = PBXFileReference; lastKnownFileType = sourcecode.swift; path = "UITextField+SecureToggle.swift"; sourceTree = "<group>"; };
		BD49DC9E2B9594B40051F421 /* Bankey.app */ = {isa = PBXFileReference; explicitFileType = wrapper.application; includeInIndex = 0; path = Bankey.app; sourceTree = BUILT_PRODUCTS_DIR; };
		BD49DCA12B9594B40051F421 /* AppDelegate.swift */ = {isa = PBXFileReference; lastKnownFileType = sourcecode.swift; path = AppDelegate.swift; sourceTree = "<group>"; };
		BD49DCA52B9594B40051F421 /* LoginViewController.swift */ = {isa = PBXFileReference; lastKnownFileType = sourcecode.swift; path = LoginViewController.swift; sourceTree = "<group>"; };
		BD49DCAA2B9594B50051F421 /* Assets.xcassets */ = {isa = PBXFileReference; lastKnownFileType = folder.assetcatalog; path = Assets.xcassets; sourceTree = "<group>"; };
		BD49DCAD2B9594B50051F421 /* Base */ = {isa = PBXFileReference; lastKnownFileType = file.storyboard; name = Base; path = Base.lproj/LaunchScreen.storyboard; sourceTree = "<group>"; };
		BD49DCAF2B9594B50051F421 /* Info.plist */ = {isa = PBXFileReference; lastKnownFileType = text.plist.xml; path = Info.plist; sourceTree = "<group>"; };
		BD49DCB82B959A7C0051F421 /* LoginView.swift */ = {isa = PBXFileReference; lastKnownFileType = sourcecode.swift; path = LoginView.swift; sourceTree = "<group>"; };
		BD49DCBB2B9844370051F421 /* OnboardingContainerViewController.swift */ = {isa = PBXFileReference; lastKnownFileType = sourcecode.swift; path = OnboardingContainerViewController.swift; sourceTree = "<group>"; };
		BD5F096F2BC2064A00B1F573 /* ProfileTests.swift */ = {isa = PBXFileReference; lastKnownFileType = sourcecode.swift; path = ProfileTests.swift; sourceTree = "<group>"; };
		BD5F09712BC206DF00B1F573 /* AccountTests.swift */ = {isa = PBXFileReference; lastKnownFileType = sourcecode.swift; path = AccountTests.swift; sourceTree = "<group>"; };
		BD5F09732BC3A53900B1F573 /* SkeletonLoadable.swift */ = {isa = PBXFileReference; lastKnownFileType = sourcecode.swift; path = SkeletonLoadable.swift; sourceTree = "<group>"; };
		BD5F09752BC3A5D800B1F573 /* SkeletonCell.swift */ = {isa = PBXFileReference; lastKnownFileType = sourcecode.swift; path = SkeletonCell.swift; sourceTree = "<group>"; };
		BDAFABCF2BAAA7D500CE2EF2 /* AccountSummaryCell.swift */ = {isa = PBXFileReference; lastKnownFileType = sourcecode.swift; path = AccountSummaryCell.swift; sourceTree = "<group>"; };
		BDC00E102B9D481B002A500E /* OnboardingViewController.swift */ = {isa = PBXFileReference; lastKnownFileType = sourcecode.swift; path = OnboardingViewController.swift; sourceTree = "<group>"; };
		BDC00E122BA33EBC002A500E /* DummyViewController.swift */ = {isa = PBXFileReference; lastKnownFileType = sourcecode.swift; path = DummyViewController.swift; sourceTree = "<group>"; };
		BDC00E152BA3487B002A500E /* LocalState.swift */ = {isa = PBXFileReference; lastKnownFileType = sourcecode.swift; path = LocalState.swift; sourceTree = "<group>"; };
		BDC00E172BA40319002A500E /* UIViewController+Utils.swift */ = {isa = PBXFileReference; lastKnownFileType = sourcecode.swift; path = "UIViewController+Utils.swift"; sourceTree = "<group>"; };
		BDC00E192BA40510002A500E /* MainViewController.swift */ = {isa = PBXFileReference; lastKnownFileType = sourcecode.swift; path = MainViewController.swift; sourceTree = "<group>"; };
		BDC00E1C2BA9349A002A500E /* AccountSummaryViewController.swift */ = {isa = PBXFileReference; lastKnownFileType = sourcecode.swift; path = AccountSummaryViewController.swift; sourceTree = "<group>"; };
		BDC00E1E2BA943FC002A500E /* AccountSummaryHeaderView.swift */ = {isa = PBXFileReference; lastKnownFileType = sourcecode.swift; path = AccountSummaryHeaderView.swift; sourceTree = "<group>"; };
		BDC00E202BA9449B002A500E /* AccountSummaryHeaderView.xib */ = {isa = PBXFileReference; lastKnownFileType = file.xib; path = AccountSummaryHeaderView.xib; sourceTree = "<group>"; };
/* End PBXFileReference section */

/* Begin PBXFrameworksBuildPhase section */
		BD42ED4D2BB28EE500ACD83D /* Frameworks */ = {
			isa = PBXFrameworksBuildPhase;
			buildActionMask = 2147483647;
			files = (
			);
			runOnlyForDeploymentPostprocessing = 0;
		};
		BD49DC9B2B9594B40051F421 /* Frameworks */ = {
			isa = PBXFrameworksBuildPhase;
			buildActionMask = 2147483647;
			files = (
			);
			runOnlyForDeploymentPostprocessing = 0;
		};
/* End PBXFrameworksBuildPhase section */

/* Begin PBXGroup section */
		BD3AC22D2BBA798000C81D88 /* Components */ = {
			isa = PBXGroup;
			children = (
				BD3AC22E2BBA79C200C81D88 /* ShakeyBellView.swift */,
			);
			name = Components;
			sourceTree = "<group>";
		};
		BD42ED512BB28EE500ACD83D /* BankeyUnitTests */ = {
			isa = PBXGroup;
			children = (
				BD5F096D2BC2060200B1F573 /* AccountSummary */,
				BD5F096C2BC205DF00B1F573 /* Uttils */,
			);
			path = BankeyUnitTests;
			sourceTree = "<group>";
		};
		BD49DC952B9594B40051F421 = {
			isa = PBXGroup;
			children = (
				BD49DCA02B9594B40051F421 /* Bankey */,
				BD42ED512BB28EE500ACD83D /* BankeyUnitTests */,
				BD49DC9F2B9594B40051F421 /* Products */,
			);
			sourceTree = "<group>";
		};
		BD49DC9F2B9594B40051F421 /* Products */ = {
			isa = PBXGroup;
			children = (
				BD49DC9E2B9594B40051F421 /* Bankey.app */,
				BD42ED502BB28EE500ACD83D /* BankeyUnitTests.xctest */,
			);
			name = Products;
			sourceTree = "<group>";
		};
		BD49DCA02B9594B40051F421 /* Bankey */ = {
			isa = PBXGroup;
			children = (
				BD49DCA12B9594B40051F421 /* AppDelegate.swift */,
				BDC00E192BA40510002A500E /* MainViewController.swift */,
				BD3AC22D2BBA798000C81D88 /* Components */,
				BD49DCB62B9599720051F421 /* Login */,
				BD49DCBA2B9843FB0051F421 /* Onboarding */,
				BDC00E1B2BA93438002A500E /* AccountSummary */,
				BDC00E142BA34862002A500E /* Utils */,
				BD49DCB52B9599110051F421 /* Files */,
			);
			path = Bankey;
			sourceTree = "<group>";
		};
		BD49DCB52B9599110051F421 /* Files */ = {
			isa = PBXGroup;
			children = (
				BD49DCAA2B9594B50051F421 /* Assets.xcassets */,
				BD49DCAC2B9594B50051F421 /* LaunchScreen.storyboard */,
				BD49DCAF2B9594B50051F421 /* Info.plist */,
			);
			name = Files;
			sourceTree = "<group>";
		};
		BD49DCB62B9599720051F421 /* Login */ = {
			isa = PBXGroup;
			children = (
				BD49DCA52B9594B40051F421 /* LoginViewController.swift */,
				BD49DCB82B959A7C0051F421 /* LoginView.swift */,
				BDC00E122BA33EBC002A500E /* DummyViewController.swift */,
			);
			name = Login;
			sourceTree = "<group>";
		};
		BD49DCBA2B9843FB0051F421 /* Onboarding */ = {
			isa = PBXGroup;
			children = (
				BD49DCBB2B9844370051F421 /* OnboardingContainerViewController.swift */,
				BDC00E102B9D481B002A500E /* OnboardingViewController.swift */,
			);
			name = Onboarding;
			sourceTree = "<group>";
		};
		BD5F096C2BC205DF00B1F573 /* Uttils */ = {
			isa = PBXGroup;
			children = (
				BD42ED592BB28FBA00ACD83D /* CurrencyFormatterTests.swift */,
			);
			path = Uttils;
			sourceTree = "<group>";
		};
		BD5F096D2BC2060200B1F573 /* AccountSummary */ = {
			isa = PBXGroup;
			children = (
				BD5F096F2BC2064A00B1F573 /* ProfileTests.swift */,
				BD5F09712BC206DF00B1F573 /* AccountTests.swift */,
			);
			path = AccountSummary;
			sourceTree = "<group>";
		};
		BDAFABCD2BAAA73900CE2EF2 /* Header */ = {
			isa = PBXGroup;
			children = (
				BDC00E202BA9449B002A500E /* AccountSummaryHeaderView.xib */,
				BDC00E1E2BA943FC002A500E /* AccountSummaryHeaderView.swift */,
			);
			name = Header;
			sourceTree = "<group>";
		};
		BDAFABCE2BAAA76500CE2EF2 /* Cell */ = {
			isa = PBXGroup;
			children = (
				BDAFABCF2BAAA7D500CE2EF2 /* AccountSummaryCell.swift */,
				BD5F09732BC3A53900B1F573 /* SkeletonLoadable.swift */,
				BD5F09752BC3A5D800B1F573 /* SkeletonCell.swift */,
			);
			name = Cell;
			sourceTree = "<group>";
		};
		BDC00E142BA34862002A500E /* Utils */ = {
			isa = PBXGroup;
			children = (
				BDC00E152BA3487B002A500E /* LocalState.swift */,
				BDC00E172BA40319002A500E /* UIViewController+Utils.swift */,
				BD42ED482BAFCAC100ACD83D /* DecimalUtil.swift */,
				BD42ED4A2BAFCB6E00ACD83D /* CurrencyFormatter.swift */,
				BD42ED5B2BB3965B00ACD83D /* NSNotificationName.swift */,
				BD42ED5D2BB3B02F00ACD83D /* UITextField+SecureToggle.swift */,
				BD3AC2302BBE77F700C81D88 /* Date+Utils.swift */,
			);
			name = Utils;
			sourceTree = "<group>";
		};
		BDC00E1B2BA93438002A500E /* AccountSummary */ = {
			isa = PBXGroup;
			children = (
				BDC00E1C2BA9349A002A500E /* AccountSummaryViewController.swift */,
				BD3AC2322BBE790600C81D88 /* AccountSummaryViewController+Networking.swift */,
				BDAFABCD2BAAA73900CE2EF2 /* Header */,
				BDAFABCE2BAAA76500CE2EF2 /* Cell */,
			);
			name = AccountSummary;
			sourceTree = "<group>";
		};
/* End PBXGroup section */

/* Begin PBXNativeTarget section */
		BD42ED4F2BB28EE500ACD83D /* BankeyUnitTests */ = {
			isa = PBXNativeTarget;
			buildConfigurationList = BD42ED562BB28EE500ACD83D /* Build configuration list for PBXNativeTarget "BankeyUnitTests" */;
			buildPhases = (
				BD42ED4C2BB28EE500ACD83D /* Sources */,
				BD42ED4D2BB28EE500ACD83D /* Frameworks */,
				BD42ED4E2BB28EE500ACD83D /* Resources */,
			);
			buildRules = (
			);
			dependencies = (
				BD42ED552BB28EE500ACD83D /* PBXTargetDependency */,
			);
			name = BankeyUnitTests;
			productName = BankeyUnitTests;
			productReference = BD42ED502BB28EE500ACD83D /* BankeyUnitTests.xctest */;
			productType = "com.apple.product-type.bundle.unit-test";
		};
		BD49DC9D2B9594B40051F421 /* Bankey */ = {
			isa = PBXNativeTarget;
			buildConfigurationList = BD49DCB22B9594B50051F421 /* Build configuration list for PBXNativeTarget "Bankey" */;
			buildPhases = (
				BD49DC9A2B9594B40051F421 /* Sources */,
				BD49DC9B2B9594B40051F421 /* Frameworks */,
				BD49DC9C2B9594B40051F421 /* Resources */,
			);
			buildRules = (
			);
			dependencies = (
			);
			name = Bankey;
			productName = Bankey;
			productReference = BD49DC9E2B9594B40051F421 /* Bankey.app */;
			productType = "com.apple.product-type.application";
		};
/* End PBXNativeTarget section */

/* Begin PBXProject section */
		BD49DC962B9594B40051F421 /* Project object */ = {
			isa = PBXProject;
			attributes = {
				BuildIndependentTargetsInParallel = 1;
				LastSwiftUpdateCheck = 1530;
				LastUpgradeCheck = 1520;
				TargetAttributes = {
					BD42ED4F2BB28EE500ACD83D = {
						CreatedOnToolsVersion = 15.3;
						TestTargetID = BD49DC9D2B9594B40051F421;
					};
					BD49DC9D2B9594B40051F421 = {
						CreatedOnToolsVersion = 15.2;
					};
				};
			};
			buildConfigurationList = BD49DC992B9594B40051F421 /* Build configuration list for PBXProject "Bankey" */;
			compatibilityVersion = "Xcode 14.0";
			developmentRegion = en;
			hasScannedForEncodings = 0;
			knownRegions = (
				en,
				Base,
			);
			mainGroup = BD49DC952B9594B40051F421;
			productRefGroup = BD49DC9F2B9594B40051F421 /* Products */;
			projectDirPath = "";
			projectRoot = "";
			targets = (
				BD49DC9D2B9594B40051F421 /* Bankey */,
				BD42ED4F2BB28EE500ACD83D /* BankeyUnitTests */,
			);
		};
/* End PBXProject section */

/* Begin PBXResourcesBuildPhase section */
		BD42ED4E2BB28EE500ACD83D /* Resources */ = {
			isa = PBXResourcesBuildPhase;
			buildActionMask = 2147483647;
			files = (
			);
			runOnlyForDeploymentPostprocessing = 0;
		};
		BD49DC9C2B9594B40051F421 /* Resources */ = {
			isa = PBXResourcesBuildPhase;
			buildActionMask = 2147483647;
			files = (
				BDC00E212BA9449B002A500E /* AccountSummaryHeaderView.xib in Resources */,
				BD49DCAE2B9594B50051F421 /* LaunchScreen.storyboard in Resources */,
				BD49DCAB2B9594B50051F421 /* Assets.xcassets in Resources */,
			);
			runOnlyForDeploymentPostprocessing = 0;
		};
/* End PBXResourcesBuildPhase section */

/* Begin PBXSourcesBuildPhase section */
		BD42ED4C2BB28EE500ACD83D /* Sources */ = {
			isa = PBXSourcesBuildPhase;
			buildActionMask = 2147483647;
			files = (
				BD42ED5A2BB28FBA00ACD83D /* CurrencyFormatterTests.swift in Sources */,
				BD5F09722BC206DF00B1F573 /* AccountTests.swift in Sources */,
				BD5F09702BC2064A00B1F573 /* ProfileTests.swift in Sources */,
			);
			runOnlyForDeploymentPostprocessing = 0;
		};
		BD49DC9A2B9594B40051F421 /* Sources */ = {
			isa = PBXSourcesBuildPhase;
			buildActionMask = 2147483647;
			files = (
				BDC00E182BA40319002A500E /* UIViewController+Utils.swift in Sources */,
				BD5F09762BC3A5D800B1F573 /* SkeletonCell.swift in Sources */,
				BD3AC2312BBE77F700C81D88 /* Date+Utils.swift in Sources */,
				BD49DCB92B959A7C0051F421 /* LoginView.swift in Sources */,
				BDC00E162BA3487B002A500E /* LocalState.swift in Sources */,
				BD42ED492BAFCAC100ACD83D /* DecimalUtil.swift in Sources */,
				BD42ED5E2BB3B02F00ACD83D /* UITextField+SecureToggle.swift in Sources */,
				BDC00E1F2BA943FC002A500E /* AccountSummaryHeaderView.swift in Sources */,
				BD42ED4B2BAFCB6E00ACD83D /* CurrencyFormatter.swift in Sources */,
				BDC00E132BA33EBC002A500E /* DummyViewController.swift in Sources */,
				BD42ED5C2BB3965B00ACD83D /* NSNotificationName.swift in Sources */,
				BD49DCA62B9594B40051F421 /* LoginViewController.swift in Sources */,
				BD3AC22F2BBA79C200C81D88 /* ShakeyBellView.swift in Sources */,
				BDAFABD02BAAA7D500CE2EF2 /* AccountSummaryCell.swift in Sources */,
				BDC00E112B9D481B002A500E /* OnboardingViewController.swift in Sources */,
				BDC00E1A2BA40510002A500E /* MainViewController.swift in Sources */,
				BDC00E1D2BA9349A002A500E /* AccountSummaryViewController.swift in Sources */,
				BD49DCA22B9594B40051F421 /* AppDelegate.swift in Sources */,
				BD49DCBC2B9844370051F421 /* OnboardingContainerViewController.swift in Sources */,
				BD5F09742BC3A53900B1F573 /* SkeletonLoadable.swift in Sources */,
				BD3AC2332BBE790600C81D88 /* AccountSummaryViewController+Networking.swift in Sources */,
			);
			runOnlyForDeploymentPostprocessing = 0;
		};
/* End PBXSourcesBuildPhase section */

/* Begin PBXTargetDependency section */
		BD42ED552BB28EE500ACD83D /* PBXTargetDependency */ = {
			isa = PBXTargetDependency;
			target = BD49DC9D2B9594B40051F421 /* Bankey */;
			targetProxy = BD42ED542BB28EE500ACD83D /* PBXContainerItemProxy */;
		};
/* End PBXTargetDependency section */

/* Begin PBXVariantGroup section */
		BD49DCAC2B9594B50051F421 /* LaunchScreen.storyboard */ = {
			isa = PBXVariantGroup;
			children = (
				BD49DCAD2B9594B50051F421 /* Base */,
			);
			name = LaunchScreen.storyboard;
			sourceTree = "<group>";
		};
/* End PBXVariantGroup section */

/* Begin XCBuildConfiguration section */
		BD42ED572BB28EE500ACD83D /* Debug */ = {
			isa = XCBuildConfiguration;
			buildSettings = {
				BUNDLE_LOADER = "$(TEST_HOST)";
				CODE_SIGN_STYLE = Automatic;
				CURRENT_PROJECT_VERSION = 1;
				DEVELOPMENT_TEAM = V484G7LV29;
				GENERATE_INFOPLIST_FILE = YES;
				IPHONEOS_DEPLOYMENT_TARGET = 17.2;
				MARKETING_VERSION = 1.0;
				PRODUCT_BUNDLE_IDENTIFIER = com.act.BankeyUnitTests;
				PRODUCT_NAME = "$(TARGET_NAME)";
				SWIFT_EMIT_LOC_STRINGS = NO;
				SWIFT_VERSION = 5.0;
				TARGETED_DEVICE_FAMILY = "1,2";
				TEST_HOST = "$(BUILT_PRODUCTS_DIR)/Bankey.app/$(BUNDLE_EXECUTABLE_FOLDER_PATH)/Bankey";
			};
			name = Debug;
		};
		BD42ED582BB28EE500ACD83D /* Release */ = {
			isa = XCBuildConfiguration;
			buildSettings = {
				BUNDLE_LOADER = "$(TEST_HOST)";
				CODE_SIGN_STYLE = Automatic;
				CURRENT_PROJECT_VERSION = 1;
				DEVELOPMENT_TEAM = V484G7LV29;
				GENERATE_INFOPLIST_FILE = YES;
				IPHONEOS_DEPLOYMENT_TARGET = 17.2;
				MARKETING_VERSION = 1.0;
				PRODUCT_BUNDLE_IDENTIFIER = com.act.BankeyUnitTests;
				PRODUCT_NAME = "$(TARGET_NAME)";
				SWIFT_EMIT_LOC_STRINGS = NO;
				SWIFT_VERSION = 5.0;
				TARGETED_DEVICE_FAMILY = "1,2";
				TEST_HOST = "$(BUILT_PRODUCTS_DIR)/Bankey.app/$(BUNDLE_EXECUTABLE_FOLDER_PATH)/Bankey";
			};
			name = Release;
		};
		BD49DCB02B9594B50051F421 /* Debug */ = {
			isa = XCBuildConfiguration;
			buildSettings = {
				ALWAYS_SEARCH_USER_PATHS = NO;
				ASSETCATALOG_COMPILER_GENERATE_SWIFT_ASSET_SYMBOL_EXTENSIONS = YES;
				CLANG_ANALYZER_NONNULL = YES;
				CLANG_ANALYZER_NUMBER_OBJECT_CONVERSION = YES_AGGRESSIVE;
				CLANG_CXX_LANGUAGE_STANDARD = "gnu++20";
				CLANG_ENABLE_MODULES = YES;
				CLANG_ENABLE_OBJC_ARC = YES;
				CLANG_ENABLE_OBJC_WEAK = YES;
				CLANG_WARN_BLOCK_CAPTURE_AUTORELEASING = YES;
				CLANG_WARN_BOOL_CONVERSION = YES;
				CLANG_WARN_COMMA = YES;
				CLANG_WARN_CONSTANT_CONVERSION = YES;
				CLANG_WARN_DEPRECATED_OBJC_IMPLEMENTATIONS = YES;
				CLANG_WARN_DIRECT_OBJC_ISA_USAGE = YES_ERROR;
				CLANG_WARN_DOCUMENTATION_COMMENTS = YES;
				CLANG_WARN_EMPTY_BODY = YES;
				CLANG_WARN_ENUM_CONVERSION = YES;
				CLANG_WARN_INFINITE_RECURSION = YES;
				CLANG_WARN_INT_CONVERSION = YES;
				CLANG_WARN_NON_LITERAL_NULL_CONVERSION = YES;
				CLANG_WARN_OBJC_IMPLICIT_RETAIN_SELF = YES;
				CLANG_WARN_OBJC_LITERAL_CONVERSION = YES;
				CLANG_WARN_OBJC_ROOT_CLASS = YES_ERROR;
				CLANG_WARN_QUOTED_INCLUDE_IN_FRAMEWORK_HEADER = YES;
				CLANG_WARN_RANGE_LOOP_ANALYSIS = YES;
				CLANG_WARN_STRICT_PROTOTYPES = YES;
				CLANG_WARN_SUSPICIOUS_MOVE = YES;
				CLANG_WARN_UNGUARDED_AVAILABILITY = YES_AGGRESSIVE;
				CLANG_WARN_UNREACHABLE_CODE = YES;
				CLANG_WARN__DUPLICATE_METHOD_MATCH = YES;
				COPY_PHASE_STRIP = NO;
				DEBUG_INFORMATION_FORMAT = dwarf;
				ENABLE_STRICT_OBJC_MSGSEND = YES;
				ENABLE_TESTABILITY = YES;
				ENABLE_USER_SCRIPT_SANDBOXING = YES;
				GCC_C_LANGUAGE_STANDARD = gnu17;
				GCC_DYNAMIC_NO_PIC = NO;
				GCC_NO_COMMON_BLOCKS = YES;
				GCC_OPTIMIZATION_LEVEL = 0;
				GCC_PREPROCESSOR_DEFINITIONS = (
					"DEBUG=1",
					"$(inherited)",
				);
				GCC_WARN_64_TO_32_BIT_CONVERSION = YES;
				GCC_WARN_ABOUT_RETURN_TYPE = YES_ERROR;
				GCC_WARN_UNDECLARED_SELECTOR = YES;
				GCC_WARN_UNINITIALIZED_AUTOS = YES_AGGRESSIVE;
				GCC_WARN_UNUSED_FUNCTION = YES;
				GCC_WARN_UNUSED_VARIABLE = YES;
				IPHONEOS_DEPLOYMENT_TARGET = 17.2;
				LOCALIZATION_PREFERS_STRING_CATALOGS = YES;
				MTL_ENABLE_DEBUG_INFO = INCLUDE_SOURCE;
				MTL_FAST_MATH = YES;
				ONLY_ACTIVE_ARCH = YES;
				SDKROOT = iphoneos;
				SWIFT_ACTIVE_COMPILATION_CONDITIONS = "DEBUG $(inherited)";
				SWIFT_OPTIMIZATION_LEVEL = "-Onone";
			};
			name = Debug;
		};
		BD49DCB12B9594B50051F421 /* Release */ = {
			isa = XCBuildConfiguration;
			buildSettings = {
				ALWAYS_SEARCH_USER_PATHS = NO;
				ASSETCATALOG_COMPILER_GENERATE_SWIFT_ASSET_SYMBOL_EXTENSIONS = YES;
				CLANG_ANALYZER_NONNULL = YES;
				CLANG_ANALYZER_NUMBER_OBJECT_CONVERSION = YES_AGGRESSIVE;
				CLANG_CXX_LANGUAGE_STANDARD = "gnu++20";
				CLANG_ENABLE_MODULES = YES;
				CLANG_ENABLE_OBJC_ARC = YES;
				CLANG_ENABLE_OBJC_WEAK = YES;
				CLANG_WARN_BLOCK_CAPTURE_AUTORELEASING = YES;
				CLANG_WARN_BOOL_CONVERSION = YES;
				CLANG_WARN_COMMA = YES;
				CLANG_WARN_CONSTANT_CONVERSION = YES;
				CLANG_WARN_DEPRECATED_OBJC_IMPLEMENTATIONS = YES;
				CLANG_WARN_DIRECT_OBJC_ISA_USAGE = YES_ERROR;
				CLANG_WARN_DOCUMENTATION_COMMENTS = YES;
				CLANG_WARN_EMPTY_BODY = YES;
				CLANG_WARN_ENUM_CONVERSION = YES;
				CLANG_WARN_INFINITE_RECURSION = YES;
				CLANG_WARN_INT_CONVERSION = YES;
				CLANG_WARN_NON_LITERAL_NULL_CONVERSION = YES;
				CLANG_WARN_OBJC_IMPLICIT_RETAIN_SELF = YES;
				CLANG_WARN_OBJC_LITERAL_CONVERSION = YES;
				CLANG_WARN_OBJC_ROOT_CLASS = YES_ERROR;
				CLANG_WARN_QUOTED_INCLUDE_IN_FRAMEWORK_HEADER = YES;
				CLANG_WARN_RANGE_LOOP_ANALYSIS = YES;
				CLANG_WARN_STRICT_PROTOTYPES = YES;
				CLANG_WARN_SUSPICIOUS_MOVE = YES;
				CLANG_WARN_UNGUARDED_AVAILABILITY = YES_AGGRESSIVE;
				CLANG_WARN_UNREACHABLE_CODE = YES;
				CLANG_WARN__DUPLICATE_METHOD_MATCH = YES;
				COPY_PHASE_STRIP = NO;
				DEBUG_INFORMATION_FORMAT = "dwarf-with-dsym";
				ENABLE_NS_ASSERTIONS = NO;
				ENABLE_STRICT_OBJC_MSGSEND = YES;
				ENABLE_USER_SCRIPT_SANDBOXING = YES;
				GCC_C_LANGUAGE_STANDARD = gnu17;
				GCC_NO_COMMON_BLOCKS = YES;
				GCC_WARN_64_TO_32_BIT_CONVERSION = YES;
				GCC_WARN_ABOUT_RETURN_TYPE = YES_ERROR;
				GCC_WARN_UNDECLARED_SELECTOR = YES;
				GCC_WARN_UNINITIALIZED_AUTOS = YES_AGGRESSIVE;
				GCC_WARN_UNUSED_FUNCTION = YES;
				GCC_WARN_UNUSED_VARIABLE = YES;
				IPHONEOS_DEPLOYMENT_TARGET = 17.2;
				LOCALIZATION_PREFERS_STRING_CATALOGS = YES;
				MTL_ENABLE_DEBUG_INFO = NO;
				MTL_FAST_MATH = YES;
				SDKROOT = iphoneos;
				SWIFT_COMPILATION_MODE = wholemodule;
				VALIDATE_PRODUCT = YES;
			};
			name = Release;
		};
		BD49DCB32B9594B50051F421 /* Debug */ = {
			isa = XCBuildConfiguration;
			buildSettings = {
				ASSETCATALOG_COMPILER_APPICON_NAME = AppIcon;
				ASSETCATALOG_COMPILER_GLOBAL_ACCENT_COLOR_NAME = AccentColor;
				CODE_SIGN_STYLE = Automatic;
				CURRENT_PROJECT_VERSION = 1;
				DEVELOPMENT_TEAM = V484G7LV29;
				GENERATE_INFOPLIST_FILE = YES;
				INFOPLIST_FILE = Bankey/Info.plist;
				INFOPLIST_KEY_UIApplicationSupportsIndirectInputEvents = YES;
				INFOPLIST_KEY_UILaunchStoryboardName = LaunchScreen;
				INFOPLIST_KEY_UISupportedInterfaceOrientations_iPad = "UIInterfaceOrientationPortrait UIInterfaceOrientationPortraitUpsideDown UIInterfaceOrientationLandscapeLeft UIInterfaceOrientationLandscapeRight";
				INFOPLIST_KEY_UISupportedInterfaceOrientations_iPhone = "UIInterfaceOrientationPortrait UIInterfaceOrientationLandscapeLeft UIInterfaceOrientationLandscapeRight";
				LD_RUNPATH_SEARCH_PATHS = (
					"$(inherited)",
					"@executable_path/Frameworks",
				);
				MARKETING_VERSION = 1.0;
				PRODUCT_BUNDLE_IDENTIFIER = com.act.Bankey;
				PRODUCT_NAME = "$(TARGET_NAME)";
				SWIFT_EMIT_LOC_STRINGS = YES;
				SWIFT_VERSION = 5.0;
				TARGETED_DEVICE_FAMILY = "1,2";
			};
			name = Debug;
		};
		BD49DCB42B9594B50051F421 /* Release */ = {
			isa = XCBuildConfiguration;
			buildSettings = {
				ASSETCATALOG_COMPILER_APPICON_NAME = AppIcon;
				ASSETCATALOG_COMPILER_GLOBAL_ACCENT_COLOR_NAME = AccentColor;
				CODE_SIGN_STYLE = Automatic;
				CURRENT_PROJECT_VERSION = 1;
				DEVELOPMENT_TEAM = V484G7LV29;
				GENERATE_INFOPLIST_FILE = YES;
				INFOPLIST_FILE = Bankey/Info.plist;
				INFOPLIST_KEY_UIApplicationSupportsIndirectInputEvents = YES;
				INFOPLIST_KEY_UILaunchStoryboardName = LaunchScreen;
				INFOPLIST_KEY_UISupportedInterfaceOrientations_iPad = "UIInterfaceOrientationPortrait UIInterfaceOrientationPortraitUpsideDown UIInterfaceOrientationLandscapeLeft UIInterfaceOrientationLandscapeRight";
				INFOPLIST_KEY_UISupportedInterfaceOrientations_iPhone = "UIInterfaceOrientationPortrait UIInterfaceOrientationLandscapeLeft UIInterfaceOrientationLandscapeRight";
				LD_RUNPATH_SEARCH_PATHS = (
					"$(inherited)",
					"@executable_path/Frameworks",
				);
				MARKETING_VERSION = 1.0;
				PRODUCT_BUNDLE_IDENTIFIER = com.act.Bankey;
				PRODUCT_NAME = "$(TARGET_NAME)";
				SWIFT_EMIT_LOC_STRINGS = YES;
				SWIFT_VERSION = 5.0;
				TARGETED_DEVICE_FAMILY = "1,2";
			};
			name = Release;
		};
/* End XCBuildConfiguration section */

/* Begin XCConfigurationList section */
		BD42ED562BB28EE500ACD83D /* Build configuration list for PBXNativeTarget "BankeyUnitTests" */ = {
			isa = XCConfigurationList;
			buildConfigurations = (
				BD42ED572BB28EE500ACD83D /* Debug */,
				BD42ED582BB28EE500ACD83D /* Release */,
			);
			defaultConfigurationIsVisible = 0;
			defaultConfigurationName = Release;
		};
		BD49DC992B9594B40051F421 /* Build configuration list for PBXProject "Bankey" */ = {
			isa = XCConfigurationList;
			buildConfigurations = (
				BD49DCB02B9594B50051F421 /* Debug */,
				BD49DCB12B9594B50051F421 /* Release */,
			);
			defaultConfigurationIsVisible = 0;
			defaultConfigurationName = Release;
		};
		BD49DCB22B9594B50051F421 /* Build configuration list for PBXNativeTarget "Bankey" */ = {
			isa = XCConfigurationList;
			buildConfigurations = (
				BD49DCB32B9594B50051F421 /* Debug */,
				BD49DCB42B9594B50051F421 /* Release */,
			);
			defaultConfigurationIsVisible = 0;
			defaultConfigurationName = Release;
		};
/* End XCConfigurationList section */
	};
	rootObject = BD49DC962B9594B40051F421 /* Project object */;
}
